{
  "name": "refresh",
  "version": "1.0.0",
  "lockfileVersion": 1,
  "requires": true,
  "dependencies": {
    "muk-require": {
      "version": "1.2.0",
      "resolved": "https://registry.npmjs.org/muk-require/-/muk-require-1.2.0.tgz",
      "integrity": "sha512-nV3ux/sstUiuGNEsrENs2wKEr46Hhy4l3pAR28qQZXLdJqXH1SdAvh8Os347gvI2HHbUZXCZF6+qw/sYAz/noA=="
    }
  }
}
